<Solution>
  <Folder Name="/backend/">
    <Project Path="backend/DuschnerConsulting.Api/DuschnerConsulting.Api.csproj" />
    <Project Path="backend/DuschnerConsulting.Application/DuschnerConsulting.Application.csproj" />
    <Project Path="backend/DuschnerConsulting.Domain/DuschnerConsulting.Domain.csproj" />
    <Project Path="backend/DuschnerConsulting.Infrastructure/DuschnerConsulting.Infrastructure.csproj" />
  </Folder>
</Solution>
