<Solution>
  <Folder Name="/src/">
    <Project Path="src/DuschnerConsulting.Api/DuschnerConsulting.Api.csproj" />
    <Project Path="src/DuschnerConsulting.Application/DuschnerConsulting.Application.csproj" />
    <Project Path="src/DuschnerConsulting.Domain/DuschnerConsulting.Domain.csproj" />
    <Project Path="src/DuschnerConsulting.Infrastructure/DuschnerConsulting.Infrastructure.csproj" />
  </Folder>
</Solution>
